
Microsoft Visual Studio Solution File, Format Version 12.00
# Visual Studio Version 17
VisualStudioVersion = 17.11.35222.181
MinimumVisualStudioVersion = 10.0.40219.1
Project("{FAE04EC0-301F-11D3-BF4B-00C04F79EFBC}") = "WebApiService", "WebApiService\WebApiService.csproj", "{1F726F36-81C7-4ADD-9F75-081DDFA02546}"
EndProject
Global
	GlobalSection(SolutionConfigurationPlatforms) = preSolution
		Debug|Any CPU = Debug|Any CPU
		Release|Any CPU = Release|Any CPU
	EndGlobalSection
	GlobalSection(ProjectConfigurationPlatforms) = postSolution
		{1F726F36-81C7-4ADD-9F75-081DDFA02546}.Debug|Any CPU.ActiveCfg = Debug|Any CPU
		{1F726F36-81C7-4ADD-9F75-081DDFA02546}.Debug|Any CPU.Build.0 = Debug|Any CPU
		{1F726F36-81C7-4ADD-9F75-081DDFA02546}.Release|Any CPU.ActiveCfg = Release|Any CPU
		{1F726F36-81C7-4ADD-9F75-081DDFA02546}.Release|Any CPU.Build.0 = Release|Any CPU
	EndGlobalSection
	GlobalSection(SolutionProperties) = preSolution
		HideSolutionNode = FALSE
	EndGlobalSection
	GlobalSection(ExtensibilityGlobals) = postSolution
		SolutionGuid = {3DFF9489-12EE-4BA0-82AF-7FE1703EF53E}
	EndGlobalSection
EndGlobal
